
Microsoft Visual Studio Solution File, Format Version 12.00
# Visual Studio 14
VisualStudioVersion = 14.0.23107.0
MinimumVisualStudioVersion = 10.0.40219.1
Project("{FAE04EC0-301F-11D3-BF4B-00C04F79EFBC}") = "BoldQuizMVC", "BoldQuizMVC\BoldQuizMVC.csproj", "{1F4432D9-F2AD-4996-858D-E431B41CCA30}"
EndProject
Project("{FAE04EC0-301F-11D3-BF4B-00C04F79EFBC}") = "BoldQuizMVC.Tests", "BoldQuizMVC.Tests\BoldQuizMVC.Tests.csproj", "{8AAC5C9E-DFA2-4BE7-9CDF-68369B1D3C2E}"
EndProject
Project("{FAE04EC0-301F-11D3-BF4B-00C04F79EFBC}") = "Models", "Models\Models.csproj", "{C4511E3E-2BF9-4CAD-BAA0-99490227A7FF}"
EndProject
Project("{FAE04EC0-301F-11D3-BF4B-00C04F79EFBC}") = "DAL", "DAL\DAL.csproj", "{F564BF11-C145-48A8-BF04-11C40C541A04}"
EndProject
Project("{FAE04EC0-301F-11D3-BF4B-00C04F79EFBC}") = "IDAL", "IDAL\IDAL.csproj", "{87742E4B-7C5E-4DE2-9DFA-5F957E363F50}"
EndProject
Global
	GlobalSection(SolutionConfigurationPlatforms) = preSolution
		Debug|Any CPU = Debug|Any CPU
		Release|Any CPU = Release|Any CPU
	EndGlobalSection
	GlobalSection(ProjectConfigurationPlatforms) = postSolution
		{1F4432D9-F2AD-4996-858D-E431B41CCA30}.Debug|Any CPU.ActiveCfg = Debug|Any CPU
		{1F4432D9-F2AD-4996-858D-E431B41CCA30}.Debug|Any CPU.Build.0 = Debug|Any CPU
		{1F4432D9-F2AD-4996-858D-E431B41CCA30}.Release|Any CPU.ActiveCfg = Release|Any CPU
		{1F4432D9-F2AD-4996-858D-E431B41CCA30}.Release|Any CPU.Build.0 = Release|Any CPU
		{8AAC5C9E-DFA2-4BE7-9CDF-68369B1D3C2E}.Debug|Any CPU.ActiveCfg = Debug|Any CPU
		{8AAC5C9E-DFA2-4BE7-9CDF-68369B1D3C2E}.Debug|Any CPU.Build.0 = Debug|Any CPU
		{8AAC5C9E-DFA2-4BE7-9CDF-68369B1D3C2E}.Release|Any CPU.ActiveCfg = Release|Any CPU
		{8AAC5C9E-DFA2-4BE7-9CDF-68369B1D3C2E}.Release|Any CPU.Build.0 = Release|Any CPU
		{C4511E3E-2BF9-4CAD-BAA0-99490227A7FF}.Debug|Any CPU.ActiveCfg = Debug|Any CPU
		{C4511E3E-2BF9-4CAD-BAA0-99490227A7FF}.Debug|Any CPU.Build.0 = Debug|Any CPU
		{C4511E3E-2BF9-4CAD-BAA0-99490227A7FF}.Release|Any CPU.ActiveCfg = Release|Any CPU
		{C4511E3E-2BF9-4CAD-BAA0-99490227A7FF}.Release|Any CPU.Build.0 = Release|Any CPU
		{F564BF11-C145-48A8-BF04-11C40C541A04}.Debug|Any CPU.ActiveCfg = Debug|Any CPU
		{F564BF11-C145-48A8-BF04-11C40C541A04}.Debug|Any CPU.Build.0 = Debug|Any CPU
		{F564BF11-C145-48A8-BF04-11C40C541A04}.Release|Any CPU.ActiveCfg = Release|Any CPU
		{F564BF11-C145-48A8-BF04-11C40C541A04}.Release|Any CPU.Build.0 = Release|Any CPU
		{87742E4B-7C5E-4DE2-9DFA-5F957E363F50}.Debug|Any CPU.ActiveCfg = Debug|Any CPU
		{87742E4B-7C5E-4DE2-9DFA-5F957E363F50}.Debug|Any CPU.Build.0 = Debug|Any CPU
		{87742E4B-7C5E-4DE2-9DFA-5F957E363F50}.Release|Any CPU.ActiveCfg = Release|Any CPU
		{87742E4B-7C5E-4DE2-9DFA-5F957E363F50}.Release|Any CPU.Build.0 = Release|Any CPU
	EndGlobalSection
	GlobalSection(SolutionProperties) = preSolution
		HideSolutionNode = FALSE
	EndGlobalSection
EndGlobal
